
Microsoft Visual Studio Solution File, Format Version 12.00
# Visual Studio Version 16
VisualStudioVersion = 16.0.29201.188
MinimumVisualStudioVersion = 10.0.40219.1
Project("{F184B08F-C81C-45F6-A57F-5ABD9991F28F}") = "scical", "scical\scical.vbproj", "{01A60C13-F19F-4420-9E9F-EF5AD3396314}"
EndProject
Global
	GlobalSection(SolutionConfigurationPlatforms) = preSolution
		Debug|Any CPU = Debug|Any CPU
		Release|Any CPU = Release|Any CPU
	EndGlobalSection
	GlobalSection(ProjectConfigurationPlatforms) = postSolution
		{01A60C13-F19F-4420-9E9F-EF5AD3396314}.Debug|Any CPU.ActiveCfg = Debug|Any CPU
		{01A60C13-F19F-4420-9E9F-EF5AD3396314}.Debug|Any CPU.Build.0 = Debug|Any CPU
		{01A60C13-F19F-4420-9E9F-EF5AD3396314}.Release|Any CPU.ActiveCfg = Release|Any CPU
		{01A60C13-F19F-4420-9E9F-EF5AD3396314}.Release|Any CPU.Build.0 = Release|Any CPU
	EndGlobalSection
	GlobalSection(SolutionProperties) = preSolution
		HideSolutionNode = FALSE
	EndGlobalSection
	GlobalSection(ExtensibilityGlobals) = postSolution
		SolutionGuid = {67F89D55-A3FF-487B-891D-415601E12D5A}
	EndGlobalSection
EndGlobal
